# This file is generated by running "yarn install" inside your project.
# Manual changes might be lost - proceed with caution!

__metadata:
  version: 10
  cacheKey: 10c0

"@cyclonedx/cyclonedx-esbuild@link:../../../::locator=%40cyclonedx%2Fcyclonedx-eslint-testbed-typescript-yarn%40workspace%3A.":
  version: 0.0.0-use.local
  resolution: "@cyclonedx/cyclonedx-esbuild@link:../../../::locator=%40cyclonedx%2Fcyclonedx-eslint-testbed-typescript-yarn%40workspace%3A."
  languageName: node
  linkType: soft

"@cyclonedx/cyclonedx-eslint-testbed-typescript-yarn@workspace:.":
  version: 0.0.0-use.local
  resolution: "@cyclonedx/cyclonedx-eslint-testbed-typescript-yarn@workspace:."
  dependencies:
    "@cyclonedx/cyclonedx-esbuild": "link:../../../"
    "@cyclonedx/cyclonedx-eslint-testing-reexport-package": "file:../../_data/reexport-package/package.tgz"
    "@types/node": "npm:ts5.9"
    esbuild: "npm:0.28.1"
    typescript: "npm:5.9.3"
  dependenciesMeta:
    "@cyclonedx/cyclonedx-eslint-testing-reexport-package@0.0.1":
      unplugged: true
  languageName: unknown
  linkType: soft

"@cyclonedx/cyclonedx-eslint-testing-custom-package@file:../../_data/custom-package/package.tgz::locator=%40cyclonedx%2Fcyclonedx-eslint-testbed-typescript-yarn%40workspace%3A.":
  version: 0.0.1
  resolution: "@cyclonedx/cyclonedx-eslint-testing-custom-package@file:../../_data/custom-package/package.tgz#../../_data/custom-package/package.tgz::hash=6debc5&locator=%40cyclonedx%2Fcyclonedx-eslint-testbed-typescript-yarn%40workspace%3A."
  checksum: 10c0/9300a4eb42c4619d6c7fa129a36dba90e26ac638b73f66811ffb304c688a21a4bda3adf933d85e5890ac8f75cf9307ed6e1b8aa97c80e67bcb86f20c8410a7ec
  languageName: node
  linkType: hard

"@cyclonedx/cyclonedx-eslint-testing-reexport-package@file:../../_data/reexport-package/package.tgz::locator=%40cyclonedx%2Fcyclonedx-eslint-testbed-typescript-yarn%40workspace%3A.":
  version: 0.0.1
  resolution: "@cyclonedx/cyclonedx-eslint-testing-reexport-package@file:../../_data/reexport-package/package.tgz#../../_data/reexport-package/package.tgz::hash=07522e&locator=%40cyclonedx%2Fcyclonedx-eslint-testbed-typescript-yarn%40workspace%3A."
  dependencies:
    "@cyclonedx/cyclonedx-eslint-testing-custom-package": "file:../custom-package/package.tgz"
  checksum: 10c0/5bc664822368d4949a6e3f8074adae8c1bd34997be7db702bb8c8daf259ca1ba2818f4865d17a84f1ac4b9e1d343b54d3e2caad648538f5227f6c57404c398cd
  languageName: node
  linkType: hard

"@esbuild/aix-ppc64@npm:0.28.1":
  version: 0.28.1
  resolution: "@esbuild/aix-ppc64@npm:0.28.1"
  conditions: os=aix & cpu=ppc64
  languageName: node
  linkType: hard

"@esbuild/android-arm64@npm:0.28.1":
  version: 0.28.1
  resolution: "@esbuild/android-arm64@npm:0.28.1"
  conditions: os=android & cpu=arm64
  languageName: node
  linkType: hard

"@esbuild/android-arm@npm:0.28.1":
  version: 0.28.1
  resolution: "@esbuild/android-arm@npm:0.28.1"
  conditions: os=android & cpu=arm
  languageName: node
  linkType: hard

"@esbuild/android-x64@npm:0.28.1":
  version: 0.28.1
  resolution: "@esbuild/android-x64@npm:0.28.1"
  conditions: os=android & cpu=x64
  languageName: node
  linkType: hard

"@esbuild/darwin-arm64@npm:0.28.1":
  version: 0.28.1
  resolution: "@esbuild/darwin-arm64@npm:0.28.1"
  conditions: os=darwin & cpu=arm64
  languageName: node
  linkType: hard

"@esbuild/darwin-x64@npm:0.28.1":
  version: 0.28.1
  resolution: "@esbuild/darwin-x64@npm:0.28.1"
  conditions: os=darwin & cpu=x64
  languageName: node
  linkType: hard

"@esbuild/freebsd-arm64@npm:0.28.1":
  version: 0.28.1
  resolution: "@esbuild/freebsd-arm64@npm:0.28.1"
  conditions: os=freebsd & cpu=arm64
  languageName: node
  linkType: hard

"@esbuild/freebsd-x64@npm:0.28.1":
  version: 0.28.1
  resolution: "@esbuild/freebsd-x64@npm:0.28.1"
  conditions: os=freebsd & cpu=x64
  languageName: node
  linkType: hard

"@esbuild/linux-arm64@npm:0.28.1":
  version: 0.28.1
  resolution: "@esbuild/linux-arm64@npm:0.28.1"
  conditions: os=linux & cpu=arm64
  languageName: node
  linkType: hard

"@esbuild/linux-arm@npm:0.28.1":
  version: 0.28.1
  resolution: "@esbuild/linux-arm@npm:0.28.1"
  conditions: os=linux & cpu=arm
  languageName: node
  linkType: hard

"@esbuild/linux-ia32@npm:0.28.1":
  version: 0.28.1
  resolution: "@esbuild/linux-ia32@npm:0.28.1"
  conditions: os=linux & cpu=ia32
  languageName: node
  linkType: hard

"@esbuild/linux-loong64@npm:0.28.1":
  version: 0.28.1
  resolution: "@esbuild/linux-loong64@npm:0.28.1"
  conditions: os=linux & cpu=loong64
  languageName: node
  linkType: hard

"@esbuild/linux-mips64el@npm:0.28.1":
  version: 0.28.1
  resolution: "@esbuild/linux-mips64el@npm:0.28.1"
  conditions: os=linux & cpu=mips64el
  languageName: node
  linkType: hard

"@esbuild/linux-ppc64@npm:0.28.1":
  version: 0.28.1
  resolution: "@esbuild/linux-ppc64@npm:0.28.1"
  conditions: os=linux & cpu=ppc64
  languageName: node
  linkType: hard

"@esbuild/linux-riscv64@npm:0.28.1":
  version: 0.28.1
  resolution: "@esbuild/linux-riscv64@npm:0.28.1"
  conditions: os=linux & cpu=riscv64
  languageName: node
  linkType: hard

"@esbuild/linux-s390x@npm:0.28.1":
  version: 0.28.1
  resolution: "@esbuild/linux-s390x@npm:0.28.1"
  conditions: os=linux & cpu=s390x
  languageName: node
  linkType: hard

"@esbuild/linux-x64@npm:0.28.1":
  version: 0.28.1
  resolution: "@esbuild/linux-x64@npm:0.28.1"
  conditions: os=linux & cpu=x64
  languageName: node
  linkType: hard

"@esbuild/netbsd-arm64@npm:0.28.1":
  version: 0.28.1
  resolution: "@esbuild/netbsd-arm64@npm:0.28.1"
  conditions: os=netbsd & cpu=arm64
  languageName: node
  linkType: hard

"@esbuild/netbsd-x64@npm:0.28.1":
  version: 0.28.1
  resolution: "@esbuild/netbsd-x64@npm:0.28.1"
  conditions: os=netbsd & cpu=x64
  languageName: node
  linkType: hard

"@esbuild/openbsd-arm64@npm:0.28.1":
  version: 0.28.1
  resolution: "@esbuild/openbsd-arm64@npm:0.28.1"
  conditions: os=openbsd & cpu=arm64
  languageName: node
  linkType: hard

"@esbuild/openbsd-x64@npm:0.28.1":
  version: 0.28.1
  resolution: "@esbuild/openbsd-x64@npm:0.28.1"
  conditions: os=openbsd & cpu=x64
  languageName: node
  linkType: hard

"@esbuild/openharmony-arm64@npm:0.28.1":
  version: 0.28.1
  resolution: "@esbuild/openharmony-arm64@npm:0.28.1"
  conditions: os=openharmony & cpu=arm64
  languageName: node
  linkType: hard

"@esbuild/sunos-x64@npm:0.28.1":
  version: 0.28.1
  resolution: "@esbuild/sunos-x64@npm:0.28.1"
  conditions: os=sunos & cpu=x64
  languageName: node
  linkType: hard

"@esbuild/win32-arm64@npm:0.28.1":
  version: 0.28.1
  resolution: "@esbuild/win32-arm64@npm:0.28.1"
  conditions: os=win32 & cpu=arm64
  languageName: node
  linkType: hard

"@esbuild/win32-ia32@npm:0.28.1":
  version: 0.28.1
  resolution: "@esbuild/win32-ia32@npm:0.28.1"
  conditions: os=win32 & cpu=ia32
  languageName: node
  linkType: hard

"@esbuild/win32-x64@npm:0.28.1":
  version: 0.28.1
  resolution: "@esbuild/win32-x64@npm:0.28.1"
  conditions: os=win32 & cpu=x64
  languageName: node
  linkType: hard

"@types/node@npm:ts5.9":
  version: 25.9.3
  resolution: "@types/node@npm:25.9.3"
  dependencies:
    undici-types: "npm:>=7.24.0 <7.24.7"
  checksum: 10c0/72d3aece9d42c2c641bcd3f3cb2dc2828b4bd384dfcbd910c404b8859a68bd69d50c4769ce7defd4ff5e049768e23e615f09407ea2cbbb5f44b90d75a7c6b8ca
  languageName: node
  linkType: hard

"esbuild@npm:0.28.1":
  version: 0.28.1
  resolution: "esbuild@npm:0.28.1"
  dependencies:
    "@esbuild/aix-ppc64": "npm:0.28.1"
    "@esbuild/android-arm": "npm:0.28.1"
    "@esbuild/android-arm64": "npm:0.28.1"
    "@esbuild/android-x64": "npm:0.28.1"
    "@esbuild/darwin-arm64": "npm:0.28.1"
    "@esbuild/darwin-x64": "npm:0.28.1"
    "@esbuild/freebsd-arm64": "npm:0.28.1"
    "@esbuild/freebsd-x64": "npm:0.28.1"
    "@esbuild/linux-arm": "npm:0.28.1"
    "@esbuild/linux-arm64": "npm:0.28.1"
    "@esbuild/linux-ia32": "npm:0.28.1"
    "@esbuild/linux-loong64": "npm:0.28.1"
    "@esbuild/linux-mips64el": "npm:0.28.1"
    "@esbuild/linux-ppc64": "npm:0.28.1"
    "@esbuild/linux-riscv64": "npm:0.28.1"
    "@esbuild/linux-s390x": "npm:0.28.1"
    "@esbuild/linux-x64": "npm:0.28.1"
    "@esbuild/netbsd-arm64": "npm:0.28.1"
    "@esbuild/netbsd-x64": "npm:0.28.1"
    "@esbuild/openbsd-arm64": "npm:0.28.1"
    "@esbuild/openbsd-x64": "npm:0.28.1"
    "@esbuild/openharmony-arm64": "npm:0.28.1"
    "@esbuild/sunos-x64": "npm:0.28.1"
    "@esbuild/win32-arm64": "npm:0.28.1"
    "@esbuild/win32-ia32": "npm:0.28.1"
    "@esbuild/win32-x64": "npm:0.28.1"
  dependenciesMeta:
    "@esbuild/aix-ppc64":
      optional: true
    "@esbuild/android-arm":
      optional: true
    "@esbuild/android-arm64":
      optional: true
    "@esbuild/android-x64":
      optional: true
    "@esbuild/darwin-arm64":
      optional: true
    "@esbuild/darwin-x64":
      optional: true
    "@esbuild/freebsd-arm64":
      optional: true
    "@esbuild/freebsd-x64":
      optional: true
    "@esbuild/linux-arm":
      optional: true
    "@esbuild/linux-arm64":
      optional: true
    "@esbuild/linux-ia32":
      optional: true
    "@esbuild/linux-loong64":
      optional: true
    "@esbuild/linux-mips64el":
      optional: true
    "@esbuild/linux-ppc64":
      optional: true
    "@esbuild/linux-riscv64":
      optional: true
    "@esbuild/linux-s390x":
      optional: true
    "@esbuild/linux-x64":
      optional: true
    "@esbuild/netbsd-arm64":
      optional: true
    "@esbuild/netbsd-x64":
      optional: true
    "@esbuild/openbsd-arm64":
      optional: true
    "@esbuild/openbsd-x64":
      optional: true
    "@esbuild/openharmony-arm64":
      optional: true
    "@esbuild/sunos-x64":
      optional: true
    "@esbuild/win32-arm64":
      optional: true
    "@esbuild/win32-ia32":
      optional: true
    "@esbuild/win32-x64":
      optional: true
  bin:
    esbuild: bin/esbuild
  checksum: 10c0/29cd456a79ce35ac2c7e05fe871330416b2c395c045d849653f843e51378d6e0d6e774d6dcd01b35f4e83238a29bf8decd04fcd34b3780c589a250b21e5f92bb
  languageName: node
  linkType: hard

"typescript@npm:5.9.3":
  version: 5.9.3
  resolution: "typescript@npm:5.9.3"
  bin:
    tsc: bin/tsc
    tsserver: bin/tsserver
  checksum: 10c0/6bd7552ce39f97e711db5aa048f6f9995b53f1c52f7d8667c1abdc1700c68a76a308f579cd309ce6b53646deb4e9a1be7c813a93baaf0a28ccd536a30270e1c5
  languageName: node
  linkType: hard

"typescript@patch:typescript@npm%3A5.9.3#optional!builtin<compat/typescript>":
  version: 5.9.3
  resolution: "typescript@patch:typescript@npm%3A5.9.3#optional!builtin<compat/typescript>::version=5.9.3&hash=5786d5"
  bin:
    tsc: bin/tsc
    tsserver: bin/tsserver
  checksum: 10c0/ad09fdf7a756814dce65bc60c1657b40d44451346858eea230e10f2e95a289d9183b6e32e5c11e95acc0ccc214b4f36289dcad4bf1886b0adb84d711d336a430
  languageName: node
  linkType: hard

"undici-types@npm:>=7.24.0 <7.24.7":
  version: 7.24.6
  resolution: "undici-types@npm:7.24.6"
  checksum: 10c0/d9cd8befb643ac904615c280a095ba4240531f6bb4a5e75a22a7483630ca8d3f1016d2ab6ace6ceda1f63b3a2db2fe037fafe121d6917a0187573aa548ff78ca
  languageName: node
  linkType: hard
