{
  "name": "@cyclonedx/cyclonedx-eslint-testbed-esbuild-lowest",
  "version": "1.0.0",
  "lockfileVersion": 3,
  "requires": true,
  "packages": {
    "": {
      "name": "@cyclonedx/cyclonedx-eslint-testbed-esbuild-lowest",
      "version": "1.0.0",
      "license": "ISC",
      "devDependencies": {
        "custom-package": "file:../../_data/custom-package/package.tgz",
        "cyclonedx-esbuild": "file:../../../",
        "esbuild": "0.11.15"
      }
    },
    "../../..": {
      "name": "@cyclonedx/cyclonedx-esbuild",
      "version": "1.0.0",
      "dev": true,
      "funding": [
        {
          "type": "individual",
          "url": "https://owasp.org/donate/?reponame=www-project-cyclonedx&title=OWASP+CycloneDX"
        }
      ],
      "license": "Apache-2.0",
      "dependencies": {
        "@cyclonedx/cyclonedx-library": "^9.2.0",
        "commander": "^14.0.0",
        "normalize-package-data": "^7.0.0 || ^8.0.0"
      },
      "bin": {
        "cyclonedx-esbuild": "bin/cyclonedx-esbuild-cli.js"
      },
      "devDependencies": {
        "@types/node": "ts5.9",
        "@types/normalize-package-data": "^2.4.4",
        "c8": "^10",
        "esbuild": "^0.27.0",
        "jest": "30.2.0",
        "jest-junit": "16.0.0",
        "npm-run-all2": "^8.0.1",
        "typescript": "^5.9.3"
      },
      "engines": {
        "node": ">=20.18.0"
      },
      "optionalDependencies": {
        "ajv": "^8.12.0",
        "ajv-formats": "^3.0.1",
        "ajv-formats-draft2019": "^1.6.1"
      },
      "peerDependencies": {
        "esbuild": ">=0.11.15"
      },
      "peerDependenciesMeta": {
        "esbuild": {
          "optional": true
        }
      }
    },
    "node_modules/custom-package": {
      "name": "@cyclonedx/cyclonedx-eslint-testing-custom-package",
      "version": "0.0.1",
      "resolved": "file:../../_data/custom-package/package.tgz",
      "integrity": "sha512-XS4VLokQN7HTvq/tUabDjgdJbNHRrk2yNDyUQUlUFlV99XKBYUG9WvsEzZQ94dXYGH6xacheEz272Ej228Ztxw==",
      "dev": true,
      "license": "dummy-license"
    },
    "node_modules/cyclonedx-esbuild": {
      "resolved": "../../..",
      "link": true
    },
    "node_modules/esbuild": {
      "version": "0.11.15",
      "resolved": "https://registry.npmjs.org/esbuild/-/esbuild-0.11.15.tgz",
      "integrity": "sha512-Hh40byWZZgYbiLhcoOWiOUIy8yUYQeCEA4F9feWytToD2jGfJ1X4VPf5dsqj6vRL29H3YmFqZsxIJa5q0ifB3g==",
      "dev": true,
      "hasInstallScript": true,
      "license": "MIT",
      "bin": {
        "esbuild": "bin/esbuild"
      }
    }
  }
}
